PODS:
  - Kingfisher (5.7.1)
  - ReachabilitySwift (4.3.1)
  - SwiftLint (0.34.0)

DEPENDENCIES:
  - Kingfisher
  - ReachabilitySwift
  - SwiftLint

SPEC REPOS:
  https://github.com/cocoapods/specs.git:
    - Kingfisher
    - ReachabilitySwift
    - SwiftLint

SPEC CHECKSUMS:
  Kingfisher: 176d377ad339113c99ad4980cbae687f807e20fe
  ReachabilitySwift: 4032e2f59586e11e3b0ebe15b167abdd587a388b
  SwiftLint: 79d48a17c6565dc286c37efb8322c7b450f95c67

PODFILE CHECKSUM: 6f5eb1f08cb1d1f697ed6721ee2f78fcffa73af8

COCOAPODS: 1.7.2
